// !$*UTF8*$!
{
	archiveVersion = 1;
	classes = {
	};
	objectVersion = 77;
	objects = {

/* Begin PBXBuildFile section */
		1D29B8E32F8AC67E000EE34A /* MLXLLM in Frameworks */ = {isa = PBXBuildFile; productRef = 1D29B8E22F8AC67E000EE34A /* MLXLLM */; };
		1D29B8E52F8AC67E000EE34A /* MLXLMCommon in Frameworks */ = {isa = PBXBuildFile; productRef = 1D29B8E42F8AC67E000EE34A /* MLXLMCommon */; };
		1D29B8E82F8AC77D000EE34A /* Qwen3ASR in Frameworks */ = {isa = PBXBuildFile; productRef = 1D29B8E72F8AC77D000EE34A /* Qwen3ASR */; };
		1D29B8EA2F8AC77D000EE34A /* SpeechVAD in Frameworks */ = {isa = PBXBuildFile; productRef = 1D29B8E92F8AC77D000EE34A /* SpeechVAD */; };
		1D29B8ED2F8ACA97000EE34A /* MLXFast in Frameworks */ = {isa = PBXBuildFile; productRef = 1D29B8EC2F8ACA97000EE34A /* MLXFast */; };
		1D85F7342F96CDD400F880CD /* Sparkle in Frameworks */ = {isa = PBXBuildFile; productRef = 1D85F7332F96CDD400F880CD /* Sparkle */; };
		1DD8CE4B2F90A661001BCC30 /* KeyboardShortcuts in Frameworks */ = {isa = PBXBuildFile; productRef = 1DD8CE4A2F90A661001BCC30 /* KeyboardShortcuts */; };
/* End PBXBuildFile section */

/* Begin PBXContainerItemProxy section */
		1D04488D2F8AC1C800801B60 /* PBXContainerItemProxy */ = {
			isa = PBXContainerItemProxy;
			containerPortal = 1D0448772F8AC1C600801B60 /* Project object */;
			proxyType = 1;
			remoteGlobalIDString = 1D04487E2F8AC1C600801B60;
			remoteInfo = WishperApp;
		};
		1D0448972F8AC1C800801B60 /* PBXContainerItemProxy */ = {
			isa = PBXContainerItemProxy;
			containerPortal = 1D0448772F8AC1C600801B60 /* Project object */;
			proxyType = 1;
			remoteGlobalIDString = 1D04487E2F8AC1C600801B60;
			remoteInfo = WishperApp;
		};
/* End PBXContainerItemProxy section */

/* Begin PBXFileReference section */
		1D04487F2F8AC1C600801B60 /* Wishper.app */ = {isa = PBXFileReference; explicitFileType = wrapper.application; includeInIndex = 0; path = Wishper.app; sourceTree = BUILT_PRODUCTS_DIR; };
		1D04488C2F8AC1C800801B60 /* WishperAppTests.xctest */ = {isa = PBXFileReference; explicitFileType = wrapper.cfbundle; includeInIndex = 0; path = WishperAppTests.xctest; sourceTree = BUILT_PRODUCTS_DIR; };
		1D0448962F8AC1C800801B60 /* WishperAppUITests.xctest */ = {isa = PBXFileReference; explicitFileType = wrapper.cfbundle; includeInIndex = 0; path = WishperAppUITests.xctest; sourceTree = BUILT_PRODUCTS_DIR; };
/* End PBXFileReference section */

/* Begin PBXFileSystemSynchronizedBuildFileExceptionSet section */
		1D65D0602F936F9200998542 /* Exceptions for "WishperApp" folder in "WishperApp" target */ = {
			isa = PBXFileSystemSynchronizedBuildFileExceptionSet;
			membershipExceptions = (
				Info.plist,
			);
			target = 1D04487E2F8AC1C600801B60 /* WishperApp */;
		};
/* End PBXFileSystemSynchronizedBuildFileExceptionSet section */

/* Begin PBXFileSystemSynchronizedRootGroup section */
		1D0448812F8AC1C600801B60 /* WishperApp */ = {
			isa = PBXFileSystemSynchronizedRootGroup;
			exceptions = (
				1D65D0602F936F9200998542 /* Exceptions for "WishperApp" folder in "WishperApp" target */,
			);
			path = WishperApp;
			sourceTree = "<group>";
		};
		1D04488F2F8AC1C800801B60 /* WishperAppTests */ = {
			isa = PBXFileSystemSynchronizedRootGroup;
			path = WishperAppTests;
			sourceTree = "<group>";
		};
		1D0448992F8AC1C800801B60 /* WishperAppUITests */ = {
			isa = PBXFileSystemSynchronizedRootGroup;
			path = WishperAppUITests;
			sourceTree = "<group>";
		};
/* End PBXFileSystemSynchronizedRootGroup section */

/* Begin PBXFrameworksBuildPhase section */
		1D04487C2F8AC1C600801B60 /* Frameworks */ = {
			isa = PBXFrameworksBuildPhase;
			buildActionMask = 2147483647;
			files = (
				1D85F7342F96CDD400F880CD /* Sparkle in Frameworks */,
				1D29B8EA2F8AC77D000EE34A /* SpeechVAD in Frameworks */,
				1D29B8E52F8AC67E000EE34A /* MLXLMCommon in Frameworks */,
				1D29B8E82F8AC77D000EE34A /* Qwen3ASR in Frameworks */,
				1D29B8ED2F8ACA97000EE34A /* MLXFast in Frameworks */,
				1D29B8E32F8AC67E000EE34A /* MLXLLM in Frameworks */,
				1DD8CE4B2F90A661001BCC30 /* KeyboardShortcuts in Frameworks */,
			);
			runOnlyForDeploymentPostprocessing = 0;
		};
		1D0448892F8AC1C800801B60 /* Frameworks */ = {
			isa = PBXFrameworksBuildPhase;
			buildActionMask = 2147483647;
			files = (
			);
			runOnlyForDeploymentPostprocessing = 0;
		};
		1D0448932F8AC1C800801B60 /* Frameworks */ = {
			isa = PBXFrameworksBuildPhase;
			buildActionMask = 2147483647;
			files = (
			);
			runOnlyForDeploymentPostprocessing = 0;
		};
/* End PBXFrameworksBuildPhase section */

/* Begin PBXGroup section */
		1D0448762F8AC1C600801B60 = {
			isa = PBXGroup;
			children = (
				1D0448812F8AC1C600801B60 /* WishperApp */,
				1D04488F2F8AC1C800801B60 /* WishperAppTests */,
				1D0448992F8AC1C800801B60 /* WishperAppUITests */,
				1D0448802F8AC1C600801B60 /* Products */,
			);
			sourceTree = "<group>";
		};
		1D0448802F8AC1C600801B60 /* Products */ = {
			isa = PBXGroup;
			children = (
				1D04487F2F8AC1C600801B60 /* Wishper.app */,
				1D04488C2F8AC1C800801B60 /* WishperAppTests.xctest */,
				1D0448962F8AC1C800801B60 /* WishperAppUITests.xctest */,
			);
			name = Products;
			sourceTree = "<group>";
		};
/* End PBXGroup section */

/* Begin PBXNativeTarget section */
		1D04487E2F8AC1C600801B60 /* WishperApp */ = {
			isa = PBXNativeTarget;
			buildConfigurationList = 1D0448A02F8AC1C800801B60 /* Build configuration list for PBXNativeTarget "WishperApp" */;
			buildPhases = (
				1D04487B2F8AC1C600801B60 /* Sources */,
				1D04487C2F8AC1C600801B60 /* Frameworks */,
				1D04487D2F8AC1C600801B60 /* Resources */,
			);
			buildRules = (
			);
			dependencies = (
			);
			fileSystemSynchronizedGroups = (
				1D0448812F8AC1C600801B60 /* WishperApp */,
			);
			name = WishperApp;
			packageProductDependencies = (
				1D29B8E22F8AC67E000EE34A /* MLXLLM */,
				1D29B8E42F8AC67E000EE34A /* MLXLMCommon */,
				1D29B8E72F8AC77D000EE34A /* Qwen3ASR */,
				1D29B8E92F8AC77D000EE34A /* SpeechVAD */,
				1D29B8EC2F8ACA97000EE34A /* MLXFast */,
				1DD8CE4A2F90A661001BCC30 /* KeyboardShortcuts */,
				1D85F7332F96CDD400F880CD /* Sparkle */,
			);
			productName = WishperApp;
			productReference = 1D04487F2F8AC1C600801B60 /* Wishper.app */;
			productType = "com.apple.product-type.application";
		};
		1D04488B2F8AC1C800801B60 /* WishperAppTests */ = {
			isa = PBXNativeTarget;
			buildConfigurationList = 1D0448A32F8AC1C800801B60 /* Build configuration list for PBXNativeTarget "WishperAppTests" */;
			buildPhases = (
				1D0448882F8AC1C800801B60 /* Sources */,
				1D0448892F8AC1C800801B60 /* Frameworks */,
				1D04488A2F8AC1C800801B60 /* Resources */,
			);
			buildRules = (
			);
			dependencies = (
				1D04488E2F8AC1C800801B60 /* PBXTargetDependency */,
			);
			fileSystemSynchronizedGroups = (
				1D04488F2F8AC1C800801B60 /* WishperAppTests */,
			);
			name = WishperAppTests;
			packageProductDependencies = (
			);
			productName = WishperAppTests;
			productReference = 1D04488C2F8AC1C800801B60 /* WishperAppTests.xctest */;
			productType = "com.apple.product-type.bundle.unit-test";
		};
		1D0448952F8AC1C800801B60 /* WishperAppUITests */ = {
			isa = PBXNativeTarget;
			buildConfigurationList = 1D0448A62F8AC1C800801B60 /* Build configuration list for PBXNativeTarget "WishperAppUITests" */;
			buildPhases = (
				1D0448922F8AC1C800801B60 /* Sources */,
				1D0448932F8AC1C800801B60 /* Frameworks */,
				1D0448942F8AC1C800801B60 /* Resources */,
			);
			buildRules = (
			);
			dependencies = (
				1D0448982F8AC1C800801B60 /* PBXTargetDependency */,
			);
			fileSystemSynchronizedGroups = (
				1D0448992F8AC1C800801B60 /* WishperAppUITests */,
			);
			name = WishperAppUITests;
			packageProductDependencies = (
			);
			productName = WishperAppUITests;
			productReference = 1D0448962F8AC1C800801B60 /* WishperAppUITests.xctest */;
			productType = "com.apple.product-type.bundle.ui-testing";
		};
/* End PBXNativeTarget section */

/* Begin PBXProject section */
		1D0448772F8AC1C600801B60 /* Project object */ = {
			isa = PBXProject;
			attributes = {
				BuildIndependentTargetsInParallel = 1;
				LastSwiftUpdateCheck = 2630;
				LastUpgradeCheck = 2630;
				TargetAttributes = {
					1D04487E2F8AC1C600801B60 = {
						CreatedOnToolsVersion = 26.3;
					};
					1D04488B2F8AC1C800801B60 = {
						CreatedOnToolsVersion = 26.3;
						TestTargetID = 1D04487E2F8AC1C600801B60;
					};
					1D0448952F8AC1C800801B60 = {
						CreatedOnToolsVersion = 26.3;
						TestTargetID = 1D04487E2F8AC1C600801B60;
					};
				};
			};
			buildConfigurationList = 1D04487A2F8AC1C600801B60 /* Build configuration list for PBXProject "WishperApp" */;
			developmentRegion = en;
			hasScannedForEncodings = 0;
			knownRegions = (
				en,
				Base,
			);
			mainGroup = 1D0448762F8AC1C600801B60;
			minimizedProjectReferenceProxies = 1;
			packageReferences = (
				1D29B8E12F8AC67E000EE34A /* XCRemoteSwiftPackageReference "mlx-swift-lm" */,
				1D29B8E62F8AC77D000EE34A /* XCRemoteSwiftPackageReference "speech-swift" */,
				1D29B8EB2F8ACA96000EE34A /* XCRemoteSwiftPackageReference "mlx-swift" */,
				1DD8CE492F90A661001BCC30 /* XCRemoteSwiftPackageReference "KeyboardShortcuts" */,
				1D85F7322F96CDD400F880CD /* XCRemoteSwiftPackageReference "Sparkle" */,
			);
			preferredProjectObjectVersion = 77;
			productRefGroup = 1D0448802F8AC1C600801B60 /* Products */;
			projectDirPath = "";
			projectRoot = "";
			targets = (
				1D04487E2F8AC1C600801B60 /* WishperApp */,
				1D04488B2F8AC1C800801B60 /* WishperAppTests */,
				1D0448952F8AC1C800801B60 /* WishperAppUITests */,
			);
		};
/* End PBXProject section */

/* Begin PBXResourcesBuildPhase section */
		1D04487D2F8AC1C600801B60 /* Resources */ = {
			isa = PBXResourcesBuildPhase;
			buildActionMask = 2147483647;
			files = (
			);
			runOnlyForDeploymentPostprocessing = 0;
		};
		1D04488A2F8AC1C800801B60 /* Resources */ = {
			isa = PBXResourcesBuildPhase;
			buildActionMask = 2147483647;
			files = (
			);
			runOnlyForDeploymentPostprocessing = 0;
		};
		1D0448942F8AC1C800801B60 /* Resources */ = {
			isa = PBXResourcesBuildPhase;
			buildActionMask = 2147483647;
			files = (
			);
			runOnlyForDeploymentPostprocessing = 0;
		};
/* End PBXResourcesBuildPhase section */

/* Begin PBXSourcesBuildPhase section */
		1D04487B2F8AC1C600801B60 /* Sources */ = {
			isa = PBXSourcesBuildPhase;
			buildActionMask = 2147483647;
			files = (
			);
			runOnlyForDeploymentPostprocessing = 0;
		};
		1D0448882F8AC1C800801B60 /* Sources */ = {
			isa = PBXSourcesBuildPhase;
			buildActionMask = 2147483647;
			files = (
			);
			runOnlyForDeploymentPostprocessing = 0;
		};
		1D0448922F8AC1C800801B60 /* Sources */ = {
			isa = PBXSourcesBuildPhase;
			buildActionMask = 2147483647;
			files = (
			);
			runOnlyForDeploymentPostprocessing = 0;
		};
/* End PBXSourcesBuildPhase section */

/* Begin PBXTargetDependency section */
		1D04488E2F8AC1C800801B60 /* PBXTargetDependency */ = {
			isa = PBXTargetDependency;
			target = 1D04487E2F8AC1C600801B60 /* WishperApp */;
			targetProxy = 1D04488D2F8AC1C800801B60 /* PBXContainerItemProxy */;
		};
		1D0448982F8AC1C800801B60 /* PBXTargetDependency */ = {
			isa = PBXTargetDependency;
			target = 1D04487E2F8AC1C600801B60 /* WishperApp */;
			targetProxy = 1D0448972F8AC1C800801B60 /* PBXContainerItemProxy */;
		};
/* End PBXTargetDependency section */

/* Begin XCBuildConfiguration section */
		1D04489E2F8AC1C800801B60 /* Debug */ = {
			isa = XCBuildConfiguration;
			buildSettings = {
				ALWAYS_SEARCH_USER_PATHS = NO;
				ASSETCATALOG_COMPILER_GENERATE_SWIFT_ASSET_SYMBOL_EXTENSIONS = YES;
				CLANG_ANALYZER_NONNULL = YES;
				CLANG_ANALYZER_NUMBER_OBJECT_CONVERSION = YES_AGGRESSIVE;
				CLANG_CXX_LANGUAGE_STANDARD = "gnu++20";
				CLANG_ENABLE_MODULES = YES;
				CLANG_ENABLE_OBJC_ARC = YES;
				CLANG_ENABLE_OBJC_WEAK = YES;
				CLANG_WARN_BLOCK_CAPTURE_AUTORELEASING = YES;
				CLANG_WARN_BOOL_CONVERSION = YES;
				CLANG_WARN_COMMA = YES;
				CLANG_WARN_CONSTANT_CONVERSION = YES;
				CLANG_WARN_DEPRECATED_OBJC_IMPLEMENTATIONS = YES;
				CLANG_WARN_DIRECT_OBJC_ISA_USAGE = YES_ERROR;
				CLANG_WARN_DOCUMENTATION_COMMENTS = YES;
				CLANG_WARN_EMPTY_BODY = YES;
				CLANG_WARN_ENUM_CONVERSION = YES;
				CLANG_WARN_INFINITE_RECURSION = YES;
				CLANG_WARN_INT_CONVERSION = YES;
				CLANG_WARN_NON_LITERAL_NULL_CONVERSION = YES;
				CLANG_WARN_OBJC_IMPLICIT_RETAIN_SELF = YES;
				CLANG_WARN_OBJC_LITERAL_CONVERSION = YES;
				CLANG_WARN_OBJC_ROOT_CLASS = YES_ERROR;
				CLANG_WARN_QUOTED_INCLUDE_IN_FRAMEWORK_HEADER = YES;
				CLANG_WARN_RANGE_LOOP_ANALYSIS = YES;
				CLANG_WARN_STRICT_PROTOTYPES = YES;
				CLANG_WARN_SUSPICIOUS_MOVE = YES;
				CLANG_WARN_UNGUARDED_AVAILABILITY = YES_AGGRESSIVE;
				CLANG_WARN_UNREACHABLE_CODE = YES;
				CLANG_WARN__DUPLICATE_METHOD_MATCH = YES;
				COPY_PHASE_STRIP = NO;
				DEAD_CODE_STRIPPING = YES;
				DEBUG_INFORMATION_FORMAT = dwarf;
				DEVELOPMENT_TEAM = XU9WC44F8F;
				ENABLE_STRICT_OBJC_MSGSEND = YES;
				ENABLE_TESTABILITY = YES;
				ENABLE_USER_SCRIPT_SANDBOXING = YES;
				GCC_C_LANGUAGE_STANDARD = gnu17;
				GCC_DYNAMIC_NO_PIC = NO;
				GCC_NO_COMMON_BLOCKS = YES;
				GCC_OPTIMIZATION_LEVEL = 0;
				GCC_PREPROCESSOR_DEFINITIONS = (
					"DEBUG=1",
					"$(inherited)",
				);
				GCC_WARN_64_TO_32_BIT_CONVERSION = YES;
				GCC_WARN_ABOUT_RETURN_TYPE = YES_ERROR;
				GCC_WARN_UNDECLARED_SELECTOR = YES;
				GCC_WARN_UNINITIALIZED_AUTOS = YES_AGGRESSIVE;
				GCC_WARN_UNUSED_FUNCTION = YES;
				GCC_WARN_UNUSED_VARIABLE = YES;
				LOCALIZATION_PREFERS_STRING_CATALOGS = YES;
				MACOSX_DEPLOYMENT_TARGET = 15.0;
				MTL_ENABLE_DEBUG_INFO = INCLUDE_SOURCE;
				MTL_FAST_MATH = YES;
				ONLY_ACTIVE_ARCH = YES;
				SDKROOT = macosx;
				STRING_CATALOG_GENERATE_SYMBOLS = YES;
				SWIFT_ACTIVE_COMPILATION_CONDITIONS = "DEBUG $(inherited)";
				SWIFT_OPTIMIZATION_LEVEL = "-Onone";
			};
			name = Debug;
		};
		1D04489F2F8AC1C800801B60 /* Release */ = {
			isa = XCBuildConfiguration;
			buildSettings = {
				ALWAYS_SEARCH_USER_PATHS = NO;
				ASSETCATALOG_COMPILER_GENERATE_SWIFT_ASSET_SYMBOL_EXTENSIONS = YES;
				CLANG_ANALYZER_NONNULL = YES;
				CLANG_ANALYZER_NUMBER_OBJECT_CONVERSION = YES_AGGRESSIVE;
				CLANG_CXX_LANGUAGE_STANDARD = "gnu++20";
				CLANG_ENABLE_MODULES = YES;
				CLANG_ENABLE_OBJC_ARC = YES;
				CLANG_ENABLE_OBJC_WEAK = YES;
				CLANG_WARN_BLOCK_CAPTURE_AUTORELEASING = YES;
				CLANG_WARN_BOOL_CONVERSION = YES;
				CLANG_WARN_COMMA = YES;
				CLANG_WARN_CONSTANT_CONVERSION = YES;
				CLANG_WARN_DEPRECATED_OBJC_IMPLEMENTATIONS = YES;
				CLANG_WARN_DIRECT_OBJC_ISA_USAGE = YES_ERROR;
				CLANG_WARN_DOCUMENTATION_COMMENTS = YES;
				CLANG_WARN_EMPTY_BODY = YES;
				CLANG_WARN_ENUM_CONVERSION = YES;
				CLANG_WARN_INFINITE_RECURSION = YES;
				CLANG_WARN_INT_CONVERSION = YES;
				CLANG_WARN_NON_LITERAL_NULL_CONVERSION = YES;
				CLANG_WARN_OBJC_IMPLICIT_RETAIN_SELF = YES;
				CLANG_WARN_OBJC_LITERAL_CONVERSION = YES;
				CLANG_WARN_OBJC_ROOT_CLASS = YES_ERROR;
				CLANG_WARN_QUOTED_INCLUDE_IN_FRAMEWORK_HEADER = YES;
				CLANG_WARN_RANGE_LOOP_ANALYSIS = YES;
				CLANG_WARN_STRICT_PROTOTYPES = YES;
				CLANG_WARN_SUSPICIOUS_MOVE = YES;
				CLANG_WARN_UNGUARDED_AVAILABILITY = YES_AGGRESSIVE;
				CLANG_WARN_UNREACHABLE_CODE = YES;
				CLANG_WARN__DUPLICATE_METHOD_MATCH = YES;
				COPY_PHASE_STRIP = NO;
				DEAD_CODE_STRIPPING = YES;
				DEBUG_INFORMATION_FORMAT = "dwarf-with-dsym";
				DEVELOPMENT_TEAM = XU9WC44F8F;
				ENABLE_NS_ASSERTIONS = NO;
				ENABLE_STRICT_OBJC_MSGSEND = YES;
				ENABLE_USER_SCRIPT_SANDBOXING = YES;
				GCC_C_LANGUAGE_STANDARD = gnu17;
				GCC_NO_COMMON_BLOCKS = YES;
				GCC_WARN_64_TO_32_BIT_CONVERSION = YES;
				GCC_WARN_ABOUT_RETURN_TYPE = YES_ERROR;
				GCC_WARN_UNDECLARED_SELECTOR = YES;
				GCC_WARN_UNINITIALIZED_AUTOS = YES_AGGRESSIVE;
				GCC_WARN_UNUSED_FUNCTION = YES;
				GCC_WARN_UNUSED_VARIABLE = YES;
				LOCALIZATION_PREFERS_STRING_CATALOGS = YES;
				MACOSX_DEPLOYMENT_TARGET = 15.0;
				MTL_ENABLE_DEBUG_INFO = NO;
				MTL_FAST_MATH = YES;
				SDKROOT = macosx;
				STRING_CATALOG_GENERATE_SYMBOLS = YES;
				SWIFT_COMPILATION_MODE = wholemodule;
			};
			name = Release;
		};
		1D0448A12F8AC1C800801B60 /* Debug */ = {
			isa = XCBuildConfiguration;
			buildSettings = {
				ASSETCATALOG_COMPILER_APPICON_NAME = AppIcon;
				ASSETCATALOG_COMPILER_GLOBAL_ACCENT_COLOR_NAME = AccentColor;
				ASSETCATALOG_COMPILER_INCLUDE_ALL_APPICON_ASSETS = YES;
				AUTOMATION_APPLE_EVENTS = YES;
				CODE_SIGN_ENTITLEMENTS = WishperApp/Wishper_App.entitlements;
				CODE_SIGN_IDENTITY = "Apple Development";
				"CODE_SIGN_IDENTITY[sdk=macosx*]" = "-";
				CODE_SIGN_STYLE = Automatic;
				COMBINE_HIDPI_IMAGES = YES;
				CURRENT_PROJECT_VERSION = 1;
				DEAD_CODE_STRIPPING = YES;
				DEVELOPMENT_TEAM = XU9WC44F8F;
				ENABLE_APP_SANDBOX = NO;
				ENABLE_HARDENED_RUNTIME = YES;
				ENABLE_PREVIEWS = YES;
				ENABLE_RESOURCE_ACCESS_PHOTO_LIBRARY = NO;
				GENERATE_INFOPLIST_FILE = YES;
				INFOPLIST_FILE = WishperApp/Info.plist;
				INFOPLIST_KEY_CFBundleDisplayName = Wishper;
				INFOPLIST_KEY_CFBundleName = Wishper;
				INFOPLIST_KEY_LSApplicationCategoryType = "public.app-category.productivity";
				INFOPLIST_KEY_NSHumanReadableCopyright = "";
				INFOPLIST_KEY_NSMicrophoneUsageDescription = "Wishper needs microphone access to transcribe your speech.";
				LD_RUNPATH_SEARCH_PATHS = (
					"$(inherited)",
					"@executable_path/../Frameworks",
				);
				MARKETING_VERSION = 1.0;
				PRODUCT_BUNDLE_IDENTIFIER = "in.irangareddy.Wishper-App";
				PRODUCT_NAME = Wishper;
				PROVISIONING_PROFILE_SPECIFIER = "";
				REGISTER_APP_GROUPS = YES;
				RUNTIME_EXCEPTION_ALLOW_DYLD_ENVIRONMENT_VARIABLES = NO;
				RUNTIME_EXCEPTION_ALLOW_JIT = YES;
				RUNTIME_EXCEPTION_ALLOW_UNSIGNED_EXECUTABLE_MEMORY = NO;
				RUNTIME_EXCEPTION_DEBUGGING_TOOL = NO;
				RUNTIME_EXCEPTION_DISABLE_EXECUTABLE_PAGE_PROTECTION = NO;
				RUNTIME_EXCEPTION_DISABLE_LIBRARY_VALIDATION = YES;
				STRING_CATALOG_GENERATE_SYMBOLS = YES;
				SWIFT_APPROACHABLE_CONCURRENCY = YES;
				SWIFT_DEFAULT_ACTOR_ISOLATION = MainActor;
				SWIFT_EMIT_LOC_STRINGS = YES;
				SWIFT_UPCOMING_FEATURE_MEMBER_IMPORT_VISIBILITY = YES;
				SWIFT_VERSION = 5.0;
			};
			name = Debug;
		};
		1D0448A22F8AC1C800801B60 /* Release */ = {
			isa = XCBuildConfiguration;
			buildSettings = {
				ASSETCATALOG_COMPILER_APPICON_NAME = AppIcon;
				ASSETCATALOG_COMPILER_GLOBAL_ACCENT_COLOR_NAME = AccentColor;
				ASSETCATALOG_COMPILER_INCLUDE_ALL_APPICON_ASSETS = YES;
				AUTOMATION_APPLE_EVENTS = YES;
				CODE_SIGN_ENTITLEMENTS = WishperApp/Wishper_App.entitlements;
				CODE_SIGN_IDENTITY = "Apple Development";
				"CODE_SIGN_IDENTITY[sdk=macosx*]" = "-";
				CODE_SIGN_STYLE = Automatic;
				COMBINE_HIDPI_IMAGES = YES;
				CURRENT_PROJECT_VERSION = 1;
				DEAD_CODE_STRIPPING = YES;
				DEVELOPMENT_TEAM = XU9WC44F8F;
				ENABLE_APP_SANDBOX = NO;
				ENABLE_HARDENED_RUNTIME = YES;
				ENABLE_PREVIEWS = YES;
				ENABLE_RESOURCE_ACCESS_PHOTO_LIBRARY = NO;
				GENERATE_INFOPLIST_FILE = YES;
				INFOPLIST_FILE = WishperApp/Info.plist;
				INFOPLIST_KEY_CFBundleDisplayName = Wishper;
				INFOPLIST_KEY_CFBundleName = Wishper;
				INFOPLIST_KEY_LSApplicationCategoryType = "public.app-category.productivity";
				INFOPLIST_KEY_NSHumanReadableCopyright = "";
				INFOPLIST_KEY_NSMicrophoneUsageDescription = "Wishper needs microphone access to transcribe your speech.";
				LD_RUNPATH_SEARCH_PATHS = (
					"$(inherited)",
					"@executable_path/../Frameworks",
				);
				MARKETING_VERSION = 1.0;
				PRODUCT_BUNDLE_IDENTIFIER = "in.irangareddy.Wishper-App";
				PRODUCT_NAME = Wishper;
				PROVISIONING_PROFILE_SPECIFIER = "";
				REGISTER_APP_GROUPS = YES;
				RUNTIME_EXCEPTION_ALLOW_DYLD_ENVIRONMENT_VARIABLES = NO;
				RUNTIME_EXCEPTION_ALLOW_JIT = YES;
				RUNTIME_EXCEPTION_ALLOW_UNSIGNED_EXECUTABLE_MEMORY = NO;
				RUNTIME_EXCEPTION_DEBUGGING_TOOL = NO;
				RUNTIME_EXCEPTION_DISABLE_EXECUTABLE_PAGE_PROTECTION = NO;
				RUNTIME_EXCEPTION_DISABLE_LIBRARY_VALIDATION = YES;
				STRING_CATALOG_GENERATE_SYMBOLS = YES;
				SWIFT_APPROACHABLE_CONCURRENCY = YES;
				SWIFT_DEFAULT_ACTOR_ISOLATION = MainActor;
				SWIFT_EMIT_LOC_STRINGS = YES;
				SWIFT_UPCOMING_FEATURE_MEMBER_IMPORT_VISIBILITY = YES;
				SWIFT_VERSION = 5.0;
			};
			name = Release;
		};
		1D0448A42F8AC1C800801B60 /* Debug */ = {
			isa = XCBuildConfiguration;
			buildSettings = {
				BUNDLE_LOADER = "$(TEST_HOST)";
				CODE_SIGN_STYLE = Automatic;
				CURRENT_PROJECT_VERSION = 1;
				DEAD_CODE_STRIPPING = YES;
				DEVELOPMENT_TEAM = XU9WC44F8F;
				GENERATE_INFOPLIST_FILE = YES;
				MACOSX_DEPLOYMENT_TARGET = 15.0;
				MARKETING_VERSION = 1.0;
				PRODUCT_BUNDLE_IDENTIFIER = "in.irangareddy.Wishper-AppTests";
				PRODUCT_NAME = "$(TARGET_NAME)";
				STRING_CATALOG_GENERATE_SYMBOLS = NO;
				SWIFT_APPROACHABLE_CONCURRENCY = YES;
				SWIFT_EMIT_LOC_STRINGS = NO;
				SWIFT_UPCOMING_FEATURE_MEMBER_IMPORT_VISIBILITY = YES;
				SWIFT_VERSION = 5.0;
				TEST_HOST = "$(BUILT_PRODUCTS_DIR)/WishperApp.app/$(BUNDLE_EXECUTABLE_FOLDER_PATH)/WishperApp";
			};
			name = Debug;
		};
		1D0448A52F8AC1C800801B60 /* Release */ = {
			isa = XCBuildConfiguration;
			buildSettings = {
				BUNDLE_LOADER = "$(TEST_HOST)";
				CODE_SIGN_STYLE = Automatic;
				CURRENT_PROJECT_VERSION = 1;
				DEAD_CODE_STRIPPING = YES;
				DEVELOPMENT_TEAM = XU9WC44F8F;
				GENERATE_INFOPLIST_FILE = YES;
				MACOSX_DEPLOYMENT_TARGET = 15.0;
				MARKETING_VERSION = 1.0;
				PRODUCT_BUNDLE_IDENTIFIER = "in.irangareddy.Wishper-AppTests";
				PRODUCT_NAME = "$(TARGET_NAME)";
				STRING_CATALOG_GENERATE_SYMBOLS = NO;
				SWIFT_APPROACHABLE_CONCURRENCY = YES;
				SWIFT_EMIT_LOC_STRINGS = NO;
				SWIFT_UPCOMING_FEATURE_MEMBER_IMPORT_VISIBILITY = YES;
				SWIFT_VERSION = 5.0;
				TEST_HOST = "$(BUILT_PRODUCTS_DIR)/WishperApp.app/$(BUNDLE_EXECUTABLE_FOLDER_PATH)/WishperApp";
			};
			name = Release;
		};
		1D0448A72F8AC1C800801B60 /* Debug */ = {
			isa = XCBuildConfiguration;
			buildSettings = {
				CODE_SIGN_STYLE = Automatic;
				CURRENT_PROJECT_VERSION = 1;
				DEAD_CODE_STRIPPING = YES;
				DEVELOPMENT_TEAM = XU9WC44F8F;
				GENERATE_INFOPLIST_FILE = YES;
				MARKETING_VERSION = 1.0;
				PRODUCT_BUNDLE_IDENTIFIER = "in.irangareddy.Wishper-AppUITests";
				PRODUCT_NAME = "$(TARGET_NAME)";
				STRING_CATALOG_GENERATE_SYMBOLS = NO;
				SWIFT_APPROACHABLE_CONCURRENCY = YES;
				SWIFT_EMIT_LOC_STRINGS = NO;
				SWIFT_UPCOMING_FEATURE_MEMBER_IMPORT_VISIBILITY = YES;
				SWIFT_VERSION = 5.0;
				TEST_TARGET_NAME = WishperApp;
			};
			name = Debug;
		};
		1D0448A82F8AC1C800801B60 /* Release */ = {
			isa = XCBuildConfiguration;
			buildSettings = {
				CODE_SIGN_STYLE = Automatic;
				CURRENT_PROJECT_VERSION = 1;
				DEAD_CODE_STRIPPING = YES;
				DEVELOPMENT_TEAM = XU9WC44F8F;
				GENERATE_INFOPLIST_FILE = YES;
				MARKETING_VERSION = 1.0;
				PRODUCT_BUNDLE_IDENTIFIER = "in.irangareddy.Wishper-AppUITests";
				PRODUCT_NAME = "$(TARGET_NAME)";
				STRING_CATALOG_GENERATE_SYMBOLS = NO;
				SWIFT_APPROACHABLE_CONCURRENCY = YES;
				SWIFT_EMIT_LOC_STRINGS = NO;
				SWIFT_UPCOMING_FEATURE_MEMBER_IMPORT_VISIBILITY = YES;
				SWIFT_VERSION = 5.0;
				TEST_TARGET_NAME = WishperApp;
			};
			name = Release;
		};
/* End XCBuildConfiguration section */

/* Begin XCConfigurationList section */
		1D04487A2F8AC1C600801B60 /* Build configuration list for PBXProject "WishperApp" */ = {
			isa = XCConfigurationList;
			buildConfigurations = (
				1D04489E2F8AC1C800801B60 /* Debug */,
				1D04489F2F8AC1C800801B60 /* Release */,
			);
			defaultConfigurationIsVisible = 0;
			defaultConfigurationName = Release;
		};
		1D0448A02F8AC1C800801B60 /* Build configuration list for PBXNativeTarget "WishperApp" */ = {
			isa = XCConfigurationList;
			buildConfigurations = (
				1D0448A12F8AC1C800801B60 /* Debug */,
				1D0448A22F8AC1C800801B60 /* Release */,
			);
			defaultConfigurationIsVisible = 0;
			defaultConfigurationName = Release;
		};
		1D0448A32F8AC1C800801B60 /* Build configuration list for PBXNativeTarget "WishperAppTests" */ = {
			isa = XCConfigurationList;
			buildConfigurations = (
				1D0448A42F8AC1C800801B60 /* Debug */,
				1D0448A52F8AC1C800801B60 /* Release */,
			);
			defaultConfigurationIsVisible = 0;
			defaultConfigurationName = Release;
		};
		1D0448A62F8AC1C800801B60 /* Build configuration list for PBXNativeTarget "WishperAppUITests" */ = {
			isa = XCConfigurationList;
			buildConfigurations = (
				1D0448A72F8AC1C800801B60 /* Debug */,
				1D0448A82F8AC1C800801B60 /* Release */,
			);
			defaultConfigurationIsVisible = 0;
			defaultConfigurationName = Release;
		};
/* End XCConfigurationList section */

/* Begin XCRemoteSwiftPackageReference section */
		1D29B8E12F8AC67E000EE34A /* XCRemoteSwiftPackageReference "mlx-swift-lm" */ = {
			isa = XCRemoteSwiftPackageReference;
			repositoryURL = "https://github.com/ml-explore/mlx-swift-lm.git";
			requirement = {
				kind = upToNextMajorVersion;
				minimumVersion = 2.31.3;
			};
		};
		1D29B8E62F8AC77D000EE34A /* XCRemoteSwiftPackageReference "speech-swift" */ = {
			isa = XCRemoteSwiftPackageReference;
			repositoryURL = "https://github.com/soniqo/speech-swift.git";
			requirement = {
				branch = main;
				kind = branch;
			};
		};
		1D29B8EB2F8ACA96000EE34A /* XCRemoteSwiftPackageReference "mlx-swift" */ = {
			isa = XCRemoteSwiftPackageReference;
			repositoryURL = "https://github.com/ml-explore/mlx-swift.git";
			requirement = {
				kind = upToNextMajorVersion;
				minimumVersion = 0.31.3;
			};
		};
		1D85F7322F96CDD400F880CD /* XCRemoteSwiftPackageReference "Sparkle" */ = {
			isa = XCRemoteSwiftPackageReference;
			repositoryURL = "https://github.com/sparkle-project/Sparkle";
			requirement = {
				kind = upToNextMajorVersion;
				minimumVersion = 2.9.1;
			};
		};
		1DD8CE492F90A661001BCC30 /* XCRemoteSwiftPackageReference "KeyboardShortcuts" */ = {
			isa = XCRemoteSwiftPackageReference;
			repositoryURL = "https://github.com/sindresorhus/KeyboardShortcuts";
			requirement = {
				kind = upToNextMajorVersion;
				minimumVersion = 2.4.0;
			};
		};
/* End XCRemoteSwiftPackageReference section */

/* Begin XCSwiftPackageProductDependency section */
		1D29B8E22F8AC67E000EE34A /* MLXLLM */ = {
			isa = XCSwiftPackageProductDependency;
			package = 1D29B8E12F8AC67E000EE34A /* XCRemoteSwiftPackageReference "mlx-swift-lm" */;
			productName = MLXLLM;
		};
		1D29B8E42F8AC67E000EE34A /* MLXLMCommon */ = {
			isa = XCSwiftPackageProductDependency;
			package = 1D29B8E12F8AC67E000EE34A /* XCRemoteSwiftPackageReference "mlx-swift-lm" */;
			productName = MLXLMCommon;
		};
		1D29B8E72F8AC77D000EE34A /* Qwen3ASR */ = {
			isa = XCSwiftPackageProductDependency;
			package = 1D29B8E62F8AC77D000EE34A /* XCRemoteSwiftPackageReference "speech-swift" */;
			productName = Qwen3ASR;
		};
		1D29B8E92F8AC77D000EE34A /* SpeechVAD */ = {
			isa = XCSwiftPackageProductDependency;
			package = 1D29B8E62F8AC77D000EE34A /* XCRemoteSwiftPackageReference "speech-swift" */;
			productName = SpeechVAD;
		};
		1D29B8EC2F8ACA97000EE34A /* MLXFast */ = {
			isa = XCSwiftPackageProductDependency;
			package = 1D29B8EB2F8ACA96000EE34A /* XCRemoteSwiftPackageReference "mlx-swift" */;
			productName = MLXFast;
		};
		1D85F7332F96CDD400F880CD /* Sparkle */ = {
			isa = XCSwiftPackageProductDependency;
			package = 1D85F7322F96CDD400F880CD /* XCRemoteSwiftPackageReference "Sparkle" */;
			productName = Sparkle;
		};
		1DD8CE4A2F90A661001BCC30 /* KeyboardShortcuts */ = {
			isa = XCSwiftPackageProductDependency;
			package = 1DD8CE492F90A661001BCC30 /* XCRemoteSwiftPackageReference "KeyboardShortcuts" */;
			productName = KeyboardShortcuts;
		};
/* End XCSwiftPackageProductDependency section */
	};
	rootObject = 1D0448772F8AC1C600801B60 /* Project object */;
}
